
Microsoft Visual Studio Solution File, Format Version 12.00
# Visual Studio Version 16
VisualStudioVersion = 16.0.30114.105
MinimumVisualStudioVersion = 10.0.40219.1
Project("{2150E333-8FDC-42A3-9474-1A3956D46DE8}") = "src", "src", "{6B52CFFA-792F-4C72-A2C6-535F53731D89}"
EndProject
Project("{2150E333-8FDC-42A3-9474-1A3956D46DE8}") = "BuildingBlocks", "BuildingBlocks", "{0182DE4D-446F-489C-85C2-C9F7717453B1}"
EndProject
Project("{FAE04EC0-301F-11D3-BF4B-00C04F79EFBC}") = "Core", "src\BuildingBlocks\src\Core\Core.csproj", "{5584BA6F-ED39-4F6E-85F7-7634BFD6847D}"
EndProject
Project("{FAE04EC0-301F-11D3-BF4B-00C04F79EFBC}") = "Domain", "src\BuildingBlocks\src\Domain\Domain.csproj", "{3234D7AE-90FB-454E-BE06-A6163395682F}"
EndProject
Project("{FAE04EC0-301F-11D3-BF4B-00C04F79EFBC}") = "LasMarias", "src\API\LasMarias.csproj", "{D4D4FCDA-06DB-4A32-BA07-BE7712A45122}"
EndProject
Project("{FAE04EC0-301F-11D3-BF4B-00C04F79EFBC}") = "LasMarias.Domain", "src\Domain\LasMarias.Domain.csproj", "{434A7320-361A-47DC-A087-C81EBD4203C5}"
EndProject
Project("{2150E333-8FDC-42A3-9474-1A3956D46DE8}") = "BusinessLogic", "BusinessLogic", "{C6C2B391-1494-4400-867D-B573A547552F}"
EndProject
Project("{FAE04EC0-301F-11D3-BF4B-00C04F79EFBC}") = "ApplicationUser", "src\BusinessLogic\ApplicationUser\ApplicationUser.csproj", "{D3F35BF5-7BC8-4548-B036-FDF5652223FE}"
EndProject
Project("{FAE04EC0-301F-11D3-BF4B-00C04F79EFBC}") = "Attribute", "src\BusinessLogic\Attribute\Attribute.csproj", "{DD5EFE7A-4DC1-48A5-8041-6B80569FE5F9}"
EndProject
Project("{FAE04EC0-301F-11D3-BF4B-00C04F79EFBC}") = "AttributeName", "src\BusinessLogic\AttributeName\AttributeName.csproj", "{3E182446-34EB-46CB-9BDA-893790AE72FF}"
EndProject
Project("{FAE04EC0-301F-11D3-BF4B-00C04F79EFBC}") = "Category", "src\BusinessLogic\Category\Category.csproj", "{65050C66-0030-4CFA-ADAE-DBA63CFB6EA4}"
EndProject
Project("{FAE04EC0-301F-11D3-BF4B-00C04F79EFBC}") = "Country", "src\BusinessLogic\Country\Country.csproj", "{FFDCD2B7-FAC4-488C-AC94-1961A2B4EC36}"
EndProject
Project("{FAE04EC0-301F-11D3-BF4B-00C04F79EFBC}") = "Employee", "src\BusinessLogic\Employee\Employee.csproj", "{6F0A0937-AC6E-41E0-9C72-147368830F32}"
EndProject
Project("{FAE04EC0-301F-11D3-BF4B-00C04F79EFBC}") = "MeasureUnit", "src\BusinessLogic\MeasureUnit\MeasureUnit.csproj", "{2C7FE73D-1E38-4D7A-9469-849F047E1E89}"
EndProject
Project("{FAE04EC0-301F-11D3-BF4B-00C04F79EFBC}") = "Menu", "src\BusinessLogic\Menu\Menu.csproj", "{FD4F67C4-372D-4373-A771-6662F71F9CC5}"
EndProject
Project("{FAE04EC0-301F-11D3-BF4B-00C04F79EFBC}") = "MenuPlate", "src\BusinessLogic\MenuPlate\MenuPlate.csproj", "{FE095AFA-A5D4-4654-B0C5-67D9ED796FCD}"
EndProject
Project("{FAE04EC0-301F-11D3-BF4B-00C04F79EFBC}") = "Movement", "src\BusinessLogic\Movement\Movement.csproj", "{6CF88D20-16E8-401B-8EBE-1C488B8F9BBC}"
EndProject
Project("{FAE04EC0-301F-11D3-BF4B-00C04F79EFBC}") = "Plate", "src\BusinessLogic\Plate\Plate.csproj", "{6A6CD987-24F7-4027-BC5E-74BB2FE0D2DE}"
EndProject
Project("{FAE04EC0-301F-11D3-BF4B-00C04F79EFBC}") = "PlateCategory", "src\BusinessLogic\PlateCategory\PlateCategory.csproj", "{98807DA8-DF41-4175-A511-5E69FDE32181}"
EndProject
Project("{FAE04EC0-301F-11D3-BF4B-00C04F79EFBC}") = "PlateProduct", "src\BusinessLogic\PlateProduct\PlateProduct.csproj", "{35F129B5-E2C1-4278-A56E-5E6B03317CFE}"
EndProject
Project("{FAE04EC0-301F-11D3-BF4B-00C04F79EFBC}") = "PriceHistory", "src\BusinessLogic\PriceHistory\PriceHistory.csproj", "{016EB609-1F65-4664-B50B-68EB67B44ABA}"
EndProject
Project("{FAE04EC0-301F-11D3-BF4B-00C04F79EFBC}") = "Product", "src\BusinessLogic\Product\Product.csproj", "{B7EA9AF4-E9D7-4C44-9331-1EDFD6A913D3}"
EndProject
Project("{FAE04EC0-301F-11D3-BF4B-00C04F79EFBC}") = "ProductBrand", "src\BusinessLogic\ProductBrand\ProductBrand.csproj", "{9B16FCD8-40DA-4DE8-B12A-3F05345BA7C4}"
EndProject
Project("{FAE04EC0-301F-11D3-BF4B-00C04F79EFBC}") = "ProductMovement", "src\BusinessLogic\ProductMovement\ProductMovement.csproj", "{2A890BFE-A582-4E23-96A3-C13217C4D6B5}"
EndProject
Project("{FAE04EC0-301F-11D3-BF4B-00C04F79EFBC}") = "ProductPhoto", "src\BusinessLogic\ProductPhoto\ProductPhoto.csproj", "{2ED59A89-B19B-44F8-8D37-337BC4EFF74F}"
EndProject
Project("{FAE04EC0-301F-11D3-BF4B-00C04F79EFBC}") = "Seat", "src\BusinessLogic\Seat\Seat.csproj", "{BC937B71-35FB-4D6F-B70D-1EC9D3FCD95F}"
EndProject
Project("{FAE04EC0-301F-11D3-BF4B-00C04F79EFBC}") = "Stand", "src\BusinessLogic\Stand\Stand.csproj", "{5D9AACEE-D939-4B61-AA72-18207A3837ED}"
EndProject
Project("{FAE04EC0-301F-11D3-BF4B-00C04F79EFBC}") = "Table", "src\BusinessLogic\Table\Table.csproj", "{02B1F3A5-0C51-4AB6-8496-BD5A9E769039}"
EndProject
Project("{FAE04EC0-301F-11D3-BF4B-00C04F79EFBC}") = "UserBenefit", "src\BusinessLogic\UserBenefit\UserBenefit.csproj", "{051AE5B7-60E0-4AB4-9E43-264C818D419E}"
EndProject
Project("{FAE04EC0-301F-11D3-BF4B-00C04F79EFBC}") = "Vendor", "src\BusinessLogic\Vendor\Vendor.csproj", "{2B59FBC0-464D-4FE4-A524-8100CF4CA06F}"
EndProject
Project("{FAE04EC0-301F-11D3-BF4B-00C04F79EFBC}") = "VendorBrand", "src\BusinessLogic\VendorBrand\VendorBrand.csproj", "{4F82B993-9B29-44CD-B424-2B09478C0EEE}"
EndProject
Project("{FAE04EC0-301F-11D3-BF4B-00C04F79EFBC}") = "Vouce", "src\BusinessLogic\Vouce\Vouce.csproj", "{FA727E77-EE36-4699-BF72-F06C036E6C08}"
EndProject
Project("{FAE04EC0-301F-11D3-BF4B-00C04F79EFBC}") = "LasMarias", "src\Backend\LasMarias.csproj", "{6A54064E-E641-42E3-8C92-5DDF01064231}"
EndProject
Global
	GlobalSection(SolutionConfigurationPlatforms) = preSolution
		Debug|Any CPU = Debug|Any CPU
		Release|Any CPU = Release|Any CPU
	EndGlobalSection
	GlobalSection(SolutionProperties) = preSolution
		HideSolutionNode = FALSE
	EndGlobalSection
	GlobalSection(ProjectConfigurationPlatforms) = postSolution
		{5584BA6F-ED39-4F6E-85F7-7634BFD6847D}.Debug|Any CPU.ActiveCfg = Debug|Any CPU
		{5584BA6F-ED39-4F6E-85F7-7634BFD6847D}.Debug|Any CPU.Build.0 = Debug|Any CPU
		{5584BA6F-ED39-4F6E-85F7-7634BFD6847D}.Release|Any CPU.ActiveCfg = Release|Any CPU
		{5584BA6F-ED39-4F6E-85F7-7634BFD6847D}.Release|Any CPU.Build.0 = Release|Any CPU
		{3234D7AE-90FB-454E-BE06-A6163395682F}.Debug|Any CPU.ActiveCfg = Debug|Any CPU
		{3234D7AE-90FB-454E-BE06-A6163395682F}.Debug|Any CPU.Build.0 = Debug|Any CPU
		{3234D7AE-90FB-454E-BE06-A6163395682F}.Release|Any CPU.ActiveCfg = Release|Any CPU
		{3234D7AE-90FB-454E-BE06-A6163395682F}.Release|Any CPU.Build.0 = Release|Any CPU
		{D4D4FCDA-06DB-4A32-BA07-BE7712A45122}.Debug|Any CPU.ActiveCfg = Debug|Any CPU
		{D4D4FCDA-06DB-4A32-BA07-BE7712A45122}.Debug|Any CPU.Build.0 = Debug|Any CPU
		{D4D4FCDA-06DB-4A32-BA07-BE7712A45122}.Release|Any CPU.ActiveCfg = Release|Any CPU
		{D4D4FCDA-06DB-4A32-BA07-BE7712A45122}.Release|Any CPU.Build.0 = Release|Any CPU
		{434A7320-361A-47DC-A087-C81EBD4203C5}.Debug|Any CPU.ActiveCfg = Debug|Any CPU
		{434A7320-361A-47DC-A087-C81EBD4203C5}.Debug|Any CPU.Build.0 = Debug|Any CPU
		{434A7320-361A-47DC-A087-C81EBD4203C5}.Release|Any CPU.ActiveCfg = Release|Any CPU
		{434A7320-361A-47DC-A087-C81EBD4203C5}.Release|Any CPU.Build.0 = Release|Any CPU
		{D3F35BF5-7BC8-4548-B036-FDF5652223FE}.Debug|Any CPU.ActiveCfg = Debug|Any CPU
		{D3F35BF5-7BC8-4548-B036-FDF5652223FE}.Debug|Any CPU.Build.0 = Debug|Any CPU
		{D3F35BF5-7BC8-4548-B036-FDF5652223FE}.Release|Any CPU.ActiveCfg = Release|Any CPU
		{D3F35BF5-7BC8-4548-B036-FDF5652223FE}.Release|Any CPU.Build.0 = Release|Any CPU
		{DD5EFE7A-4DC1-48A5-8041-6B80569FE5F9}.Debug|Any CPU.ActiveCfg = Debug|Any CPU
		{DD5EFE7A-4DC1-48A5-8041-6B80569FE5F9}.Debug|Any CPU.Build.0 = Debug|Any CPU
		{DD5EFE7A-4DC1-48A5-8041-6B80569FE5F9}.Release|Any CPU.ActiveCfg = Release|Any CPU
		{DD5EFE7A-4DC1-48A5-8041-6B80569FE5F9}.Release|Any CPU.Build.0 = Release|Any CPU
		{3E182446-34EB-46CB-9BDA-893790AE72FF}.Debug|Any CPU.ActiveCfg = Debug|Any CPU
		{3E182446-34EB-46CB-9BDA-893790AE72FF}.Debug|Any CPU.Build.0 = Debug|Any CPU
		{3E182446-34EB-46CB-9BDA-893790AE72FF}.Release|Any CPU.ActiveCfg = Release|Any CPU
		{3E182446-34EB-46CB-9BDA-893790AE72FF}.Release|Any CPU.Build.0 = Release|Any CPU
		{65050C66-0030-4CFA-ADAE-DBA63CFB6EA4}.Debug|Any CPU.ActiveCfg = Debug|Any CPU
		{65050C66-0030-4CFA-ADAE-DBA63CFB6EA4}.Debug|Any CPU.Build.0 = Debug|Any CPU
		{65050C66-0030-4CFA-ADAE-DBA63CFB6EA4}.Release|Any CPU.ActiveCfg = Release|Any CPU
		{65050C66-0030-4CFA-ADAE-DBA63CFB6EA4}.Release|Any CPU.Build.0 = Release|Any CPU
		{FFDCD2B7-FAC4-488C-AC94-1961A2B4EC36}.Debug|Any CPU.ActiveCfg = Debug|Any CPU
		{FFDCD2B7-FAC4-488C-AC94-1961A2B4EC36}.Debug|Any CPU.Build.0 = Debug|Any CPU
		{FFDCD2B7-FAC4-488C-AC94-1961A2B4EC36}.Release|Any CPU.ActiveCfg = Release|Any CPU
		{FFDCD2B7-FAC4-488C-AC94-1961A2B4EC36}.Release|Any CPU.Build.0 = Release|Any CPU
		{6F0A0937-AC6E-41E0-9C72-147368830F32}.Debug|Any CPU.ActiveCfg = Debug|Any CPU
		{6F0A0937-AC6E-41E0-9C72-147368830F32}.Debug|Any CPU.Build.0 = Debug|Any CPU
		{6F0A0937-AC6E-41E0-9C72-147368830F32}.Release|Any CPU.ActiveCfg = Release|Any CPU
		{6F0A0937-AC6E-41E0-9C72-147368830F32}.Release|Any CPU.Build.0 = Release|Any CPU
		{2C7FE73D-1E38-4D7A-9469-849F047E1E89}.Debug|Any CPU.ActiveCfg = Debug|Any CPU
		{2C7FE73D-1E38-4D7A-9469-849F047E1E89}.Debug|Any CPU.Build.0 = Debug|Any CPU
		{2C7FE73D-1E38-4D7A-9469-849F047E1E89}.Release|Any CPU.ActiveCfg = Release|Any CPU
		{2C7FE73D-1E38-4D7A-9469-849F047E1E89}.Release|Any CPU.Build.0 = Release|Any CPU
		{FD4F67C4-372D-4373-A771-6662F71F9CC5}.Debug|Any CPU.ActiveCfg = Debug|Any CPU
		{FD4F67C4-372D-4373-A771-6662F71F9CC5}.Debug|Any CPU.Build.0 = Debug|Any CPU
		{FD4F67C4-372D-4373-A771-6662F71F9CC5}.Release|Any CPU.ActiveCfg = Release|Any CPU
		{FD4F67C4-372D-4373-A771-6662F71F9CC5}.Release|Any CPU.Build.0 = Release|Any CPU
		{FE095AFA-A5D4-4654-B0C5-67D9ED796FCD}.Debug|Any CPU.ActiveCfg = Debug|Any CPU
		{FE095AFA-A5D4-4654-B0C5-67D9ED796FCD}.Debug|Any CPU.Build.0 = Debug|Any CPU
		{FE095AFA-A5D4-4654-B0C5-67D9ED796FCD}.Release|Any CPU.ActiveCfg = Release|Any CPU
		{FE095AFA-A5D4-4654-B0C5-67D9ED796FCD}.Release|Any CPU.Build.0 = Release|Any CPU
		{6CF88D20-16E8-401B-8EBE-1C488B8F9BBC}.Debug|Any CPU.ActiveCfg = Debug|Any CPU
		{6CF88D20-16E8-401B-8EBE-1C488B8F9BBC}.Debug|Any CPU.Build.0 = Debug|Any CPU
		{6CF88D20-16E8-401B-8EBE-1C488B8F9BBC}.Release|Any CPU.ActiveCfg = Release|Any CPU
		{6CF88D20-16E8-401B-8EBE-1C488B8F9BBC}.Release|Any CPU.Build.0 = Release|Any CPU
		{6A6CD987-24F7-4027-BC5E-74BB2FE0D2DE}.Debug|Any CPU.ActiveCfg = Debug|Any CPU
		{6A6CD987-24F7-4027-BC5E-74BB2FE0D2DE}.Debug|Any CPU.Build.0 = Debug|Any CPU
		{6A6CD987-24F7-4027-BC5E-74BB2FE0D2DE}.Release|Any CPU.ActiveCfg = Release|Any CPU
		{6A6CD987-24F7-4027-BC5E-74BB2FE0D2DE}.Release|Any CPU.Build.0 = Release|Any CPU
		{98807DA8-DF41-4175-A511-5E69FDE32181}.Debug|Any CPU.ActiveCfg = Debug|Any CPU
		{98807DA8-DF41-4175-A511-5E69FDE32181}.Debug|Any CPU.Build.0 = Debug|Any CPU
		{98807DA8-DF41-4175-A511-5E69FDE32181}.Release|Any CPU.ActiveCfg = Release|Any CPU
		{98807DA8-DF41-4175-A511-5E69FDE32181}.Release|Any CPU.Build.0 = Release|Any CPU
		{35F129B5-E2C1-4278-A56E-5E6B03317CFE}.Debug|Any CPU.ActiveCfg = Debug|Any CPU
		{35F129B5-E2C1-4278-A56E-5E6B03317CFE}.Debug|Any CPU.Build.0 = Debug|Any CPU
		{35F129B5-E2C1-4278-A56E-5E6B03317CFE}.Release|Any CPU.ActiveCfg = Release|Any CPU
		{35F129B5-E2C1-4278-A56E-5E6B03317CFE}.Release|Any CPU.Build.0 = Release|Any CPU
		{016EB609-1F65-4664-B50B-68EB67B44ABA}.Debug|Any CPU.ActiveCfg = Debug|Any CPU
		{016EB609-1F65-4664-B50B-68EB67B44ABA}.Debug|Any CPU.Build.0 = Debug|Any CPU
		{016EB609-1F65-4664-B50B-68EB67B44ABA}.Release|Any CPU.ActiveCfg = Release|Any CPU
		{016EB609-1F65-4664-B50B-68EB67B44ABA}.Release|Any CPU.Build.0 = Release|Any CPU
		{B7EA9AF4-E9D7-4C44-9331-1EDFD6A913D3}.Debug|Any CPU.ActiveCfg = Debug|Any CPU
		{B7EA9AF4-E9D7-4C44-9331-1EDFD6A913D3}.Debug|Any CPU.Build.0 = Debug|Any CPU
		{B7EA9AF4-E9D7-4C44-9331-1EDFD6A913D3}.Release|Any CPU.ActiveCfg = Release|Any CPU
		{B7EA9AF4-E9D7-4C44-9331-1EDFD6A913D3}.Release|Any CPU.Build.0 = Release|Any CPU
		{9B16FCD8-40DA-4DE8-B12A-3F05345BA7C4}.Debug|Any CPU.ActiveCfg = Debug|Any CPU
		{9B16FCD8-40DA-4DE8-B12A-3F05345BA7C4}.Debug|Any CPU.Build.0 = Debug|Any CPU
		{9B16FCD8-40DA-4DE8-B12A-3F05345BA7C4}.Release|Any CPU.ActiveCfg = Release|Any CPU
		{9B16FCD8-40DA-4DE8-B12A-3F05345BA7C4}.Release|Any CPU.Build.0 = Release|Any CPU
		{2A890BFE-A582-4E23-96A3-C13217C4D6B5}.Debug|Any CPU.ActiveCfg = Debug|Any CPU
		{2A890BFE-A582-4E23-96A3-C13217C4D6B5}.Debug|Any CPU.Build.0 = Debug|Any CPU
		{2A890BFE-A582-4E23-96A3-C13217C4D6B5}.Release|Any CPU.ActiveCfg = Release|Any CPU
		{2A890BFE-A582-4E23-96A3-C13217C4D6B5}.Release|Any CPU.Build.0 = Release|Any CPU
		{2ED59A89-B19B-44F8-8D37-337BC4EFF74F}.Debug|Any CPU.ActiveCfg = Debug|Any CPU
		{2ED59A89-B19B-44F8-8D37-337BC4EFF74F}.Debug|Any CPU.Build.0 = Debug|Any CPU
		{2ED59A89-B19B-44F8-8D37-337BC4EFF74F}.Release|Any CPU.ActiveCfg = Release|Any CPU
		{2ED59A89-B19B-44F8-8D37-337BC4EFF74F}.Release|Any CPU.Build.0 = Release|Any CPU
		{BC937B71-35FB-4D6F-B70D-1EC9D3FCD95F}.Debug|Any CPU.ActiveCfg = Debug|Any CPU
		{BC937B71-35FB-4D6F-B70D-1EC9D3FCD95F}.Debug|Any CPU.Build.0 = Debug|Any CPU
		{BC937B71-35FB-4D6F-B70D-1EC9D3FCD95F}.Release|Any CPU.ActiveCfg = Release|Any CPU
		{BC937B71-35FB-4D6F-B70D-1EC9D3FCD95F}.Release|Any CPU.Build.0 = Release|Any CPU
		{5D9AACEE-D939-4B61-AA72-18207A3837ED}.Debug|Any CPU.ActiveCfg = Debug|Any CPU
		{5D9AACEE-D939-4B61-AA72-18207A3837ED}.Debug|Any CPU.Build.0 = Debug|Any CPU
		{5D9AACEE-D939-4B61-AA72-18207A3837ED}.Release|Any CPU.ActiveCfg = Release|Any CPU
		{5D9AACEE-D939-4B61-AA72-18207A3837ED}.Release|Any CPU.Build.0 = Release|Any CPU
		{02B1F3A5-0C51-4AB6-8496-BD5A9E769039}.Debug|Any CPU.ActiveCfg = Debug|Any CPU
		{02B1F3A5-0C51-4AB6-8496-BD5A9E769039}.Debug|Any CPU.Build.0 = Debug|Any CPU
		{02B1F3A5-0C51-4AB6-8496-BD5A9E769039}.Release|Any CPU.ActiveCfg = Release|Any CPU
		{02B1F3A5-0C51-4AB6-8496-BD5A9E769039}.Release|Any CPU.Build.0 = Release|Any CPU
		{051AE5B7-60E0-4AB4-9E43-264C818D419E}.Debug|Any CPU.ActiveCfg = Debug|Any CPU
		{051AE5B7-60E0-4AB4-9E43-264C818D419E}.Debug|Any CPU.Build.0 = Debug|Any CPU
		{051AE5B7-60E0-4AB4-9E43-264C818D419E}.Release|Any CPU.ActiveCfg = Release|Any CPU
		{051AE5B7-60E0-4AB4-9E43-264C818D419E}.Release|Any CPU.Build.0 = Release|Any CPU
		{2B59FBC0-464D-4FE4-A524-8100CF4CA06F}.Debug|Any CPU.ActiveCfg = Debug|Any CPU
		{2B59FBC0-464D-4FE4-A524-8100CF4CA06F}.Debug|Any CPU.Build.0 = Debug|Any CPU
		{2B59FBC0-464D-4FE4-A524-8100CF4CA06F}.Release|Any CPU.ActiveCfg = Release|Any CPU
		{2B59FBC0-464D-4FE4-A524-8100CF4CA06F}.Release|Any CPU.Build.0 = Release|Any CPU
		{4F82B993-9B29-44CD-B424-2B09478C0EEE}.Debug|Any CPU.ActiveCfg = Debug|Any CPU
		{4F82B993-9B29-44CD-B424-2B09478C0EEE}.Debug|Any CPU.Build.0 = Debug|Any CPU
		{4F82B993-9B29-44CD-B424-2B09478C0EEE}.Release|Any CPU.ActiveCfg = Release|Any CPU
		{4F82B993-9B29-44CD-B424-2B09478C0EEE}.Release|Any CPU.Build.0 = Release|Any CPU
		{FA727E77-EE36-4699-BF72-F06C036E6C08}.Debug|Any CPU.ActiveCfg = Debug|Any CPU
		{FA727E77-EE36-4699-BF72-F06C036E6C08}.Debug|Any CPU.Build.0 = Debug|Any CPU
		{FA727E77-EE36-4699-BF72-F06C036E6C08}.Release|Any CPU.ActiveCfg = Release|Any CPU
		{FA727E77-EE36-4699-BF72-F06C036E6C08}.Release|Any CPU.Build.0 = Release|Any CPU
		{6A54064E-E641-42E3-8C92-5DDF01064231}.Debug|Any CPU.ActiveCfg = Debug|Any CPU
		{6A54064E-E641-42E3-8C92-5DDF01064231}.Debug|Any CPU.Build.0 = Debug|Any CPU
		{6A54064E-E641-42E3-8C92-5DDF01064231}.Release|Any CPU.ActiveCfg = Release|Any CPU
		{6A54064E-E641-42E3-8C92-5DDF01064231}.Release|Any CPU.Build.0 = Release|Any CPU
	EndGlobalSection
	GlobalSection(NestedProjects) = preSolution
		{0182DE4D-446F-489C-85C2-C9F7717453B1} = {6B52CFFA-792F-4C72-A2C6-535F53731D89}
		{5584BA6F-ED39-4F6E-85F7-7634BFD6847D} = {0182DE4D-446F-489C-85C2-C9F7717453B1}
		{3234D7AE-90FB-454E-BE06-A6163395682F} = {0182DE4D-446F-489C-85C2-C9F7717453B1}
		{D4D4FCDA-06DB-4A32-BA07-BE7712A45122} = {6B52CFFA-792F-4C72-A2C6-535F53731D89}
		{434A7320-361A-47DC-A087-C81EBD4203C5} = {6B52CFFA-792F-4C72-A2C6-535F53731D89}
		{C6C2B391-1494-4400-867D-B573A547552F} = {6B52CFFA-792F-4C72-A2C6-535F53731D89}
		{D3F35BF5-7BC8-4548-B036-FDF5652223FE} = {C6C2B391-1494-4400-867D-B573A547552F}
		{DD5EFE7A-4DC1-48A5-8041-6B80569FE5F9} = {C6C2B391-1494-4400-867D-B573A547552F}
		{3E182446-34EB-46CB-9BDA-893790AE72FF} = {C6C2B391-1494-4400-867D-B573A547552F}
		{65050C66-0030-4CFA-ADAE-DBA63CFB6EA4} = {C6C2B391-1494-4400-867D-B573A547552F}
		{FFDCD2B7-FAC4-488C-AC94-1961A2B4EC36} = {C6C2B391-1494-4400-867D-B573A547552F}
		{6F0A0937-AC6E-41E0-9C72-147368830F32} = {C6C2B391-1494-4400-867D-B573A547552F}
		{2C7FE73D-1E38-4D7A-9469-849F047E1E89} = {C6C2B391-1494-4400-867D-B573A547552F}
		{FD4F67C4-372D-4373-A771-6662F71F9CC5} = {C6C2B391-1494-4400-867D-B573A547552F}
		{FE095AFA-A5D4-4654-B0C5-67D9ED796FCD} = {C6C2B391-1494-4400-867D-B573A547552F}
		{6CF88D20-16E8-401B-8EBE-1C488B8F9BBC} = {C6C2B391-1494-4400-867D-B573A547552F}
		{6A6CD987-24F7-4027-BC5E-74BB2FE0D2DE} = {C6C2B391-1494-4400-867D-B573A547552F}
		{98807DA8-DF41-4175-A511-5E69FDE32181} = {C6C2B391-1494-4400-867D-B573A547552F}
		{35F129B5-E2C1-4278-A56E-5E6B03317CFE} = {C6C2B391-1494-4400-867D-B573A547552F}
		{016EB609-1F65-4664-B50B-68EB67B44ABA} = {C6C2B391-1494-4400-867D-B573A547552F}
		{B7EA9AF4-E9D7-4C44-9331-1EDFD6A913D3} = {C6C2B391-1494-4400-867D-B573A547552F}
		{9B16FCD8-40DA-4DE8-B12A-3F05345BA7C4} = {C6C2B391-1494-4400-867D-B573A547552F}
		{2A890BFE-A582-4E23-96A3-C13217C4D6B5} = {C6C2B391-1494-4400-867D-B573A547552F}
		{2ED59A89-B19B-44F8-8D37-337BC4EFF74F} = {C6C2B391-1494-4400-867D-B573A547552F}
		{BC937B71-35FB-4D6F-B70D-1EC9D3FCD95F} = {C6C2B391-1494-4400-867D-B573A547552F}
		{5D9AACEE-D939-4B61-AA72-18207A3837ED} = {C6C2B391-1494-4400-867D-B573A547552F}
		{02B1F3A5-0C51-4AB6-8496-BD5A9E769039} = {C6C2B391-1494-4400-867D-B573A547552F}
		{051AE5B7-60E0-4AB4-9E43-264C818D419E} = {C6C2B391-1494-4400-867D-B573A547552F}
		{2B59FBC0-464D-4FE4-A524-8100CF4CA06F} = {C6C2B391-1494-4400-867D-B573A547552F}
		{4F82B993-9B29-44CD-B424-2B09478C0EEE} = {C6C2B391-1494-4400-867D-B573A547552F}
		{FA727E77-EE36-4699-BF72-F06C036E6C08} = {C6C2B391-1494-4400-867D-B573A547552F}
		{6A54064E-E641-42E3-8C92-5DDF01064231} = {6B52CFFA-792F-4C72-A2C6-535F53731D89}
	EndGlobalSection
EndGlobal
