
Microsoft Visual Studio Solution File, Format Version 12.00
# Visual Studio Version 16
VisualStudioVersion = 16.0.30114.105
MinimumVisualStudioVersion = 10.0.40219.1
Project("{2150E333-8FDC-42A3-9474-1A3956D46DE8}") = "src", "src", "{6B52CFFA-792F-4C72-A2C6-535F53731D89}"
EndProject
Project("{2150E333-8FDC-42A3-9474-1A3956D46DE8}") = "BuildingBlocks", "BuildingBlocks", "{0182DE4D-446F-489C-85C2-C9F7717453B1}"
EndProject
Project("{FAE04EC0-301F-11D3-BF4B-00C04F79EFBC}") = "Core", "src\BuildingBlocks\src\Core\Core.csproj", "{5584BA6F-ED39-4F6E-85F7-7634BFD6847D}"
EndProject
Project("{FAE04EC0-301F-11D3-BF4B-00C04F79EFBC}") = "Domain", "src\BuildingBlocks\src\Domain\Domain.csproj", "{3234D7AE-90FB-454E-BE06-A6163395682F}"
EndProject
Project("{2150E333-8FDC-42A3-9474-1A3956D46DE8}") = "Unified", "Unified", "{65B09EB8-A6D8-4D34-9342-A30F8F4B03BF}"
EndProject
Project("{FAE04EC0-301F-11D3-BF4B-00C04F79EFBC}") = "LasMarias", "src\Unified\API\LasMarias.csproj", "{BCD08406-CA17-4E9C-A876-D51006744F57}"
EndProject
Project("{FAE04EC0-301F-11D3-BF4B-00C04F79EFBC}") = "LasMarias.Domain", "src\Unified\Domain\LasMarias.Domain.csproj", "{205CBED9-7D4C-42B7-9225-A8B8766C99BD}"
EndProject
Global
	GlobalSection(SolutionConfigurationPlatforms) = preSolution
		Debug|Any CPU = Debug|Any CPU
		Release|Any CPU = Release|Any CPU
	EndGlobalSection
	GlobalSection(SolutionProperties) = preSolution
		HideSolutionNode = FALSE
	EndGlobalSection
	GlobalSection(ProjectConfigurationPlatforms) = postSolution
		{5584BA6F-ED39-4F6E-85F7-7634BFD6847D}.Debug|Any CPU.ActiveCfg = Debug|Any CPU
		{5584BA6F-ED39-4F6E-85F7-7634BFD6847D}.Debug|Any CPU.Build.0 = Debug|Any CPU
		{5584BA6F-ED39-4F6E-85F7-7634BFD6847D}.Release|Any CPU.ActiveCfg = Release|Any CPU
		{5584BA6F-ED39-4F6E-85F7-7634BFD6847D}.Release|Any CPU.Build.0 = Release|Any CPU
		{3234D7AE-90FB-454E-BE06-A6163395682F}.Debug|Any CPU.ActiveCfg = Debug|Any CPU
		{3234D7AE-90FB-454E-BE06-A6163395682F}.Debug|Any CPU.Build.0 = Debug|Any CPU
		{3234D7AE-90FB-454E-BE06-A6163395682F}.Release|Any CPU.ActiveCfg = Release|Any CPU
		{3234D7AE-90FB-454E-BE06-A6163395682F}.Release|Any CPU.Build.0 = Release|Any CPU
		{BCD08406-CA17-4E9C-A876-D51006744F57}.Debug|Any CPU.ActiveCfg = Debug|Any CPU
		{BCD08406-CA17-4E9C-A876-D51006744F57}.Debug|Any CPU.Build.0 = Debug|Any CPU
		{BCD08406-CA17-4E9C-A876-D51006744F57}.Release|Any CPU.ActiveCfg = Release|Any CPU
		{BCD08406-CA17-4E9C-A876-D51006744F57}.Release|Any CPU.Build.0 = Release|Any CPU
		{205CBED9-7D4C-42B7-9225-A8B8766C99BD}.Debug|Any CPU.ActiveCfg = Debug|Any CPU
		{205CBED9-7D4C-42B7-9225-A8B8766C99BD}.Debug|Any CPU.Build.0 = Debug|Any CPU
		{205CBED9-7D4C-42B7-9225-A8B8766C99BD}.Release|Any CPU.ActiveCfg = Release|Any CPU
		{205CBED9-7D4C-42B7-9225-A8B8766C99BD}.Release|Any CPU.Build.0 = Release|Any CPU
	EndGlobalSection
	GlobalSection(NestedProjects) = preSolution
		{0182DE4D-446F-489C-85C2-C9F7717453B1} = {6B52CFFA-792F-4C72-A2C6-535F53731D89}
		{5584BA6F-ED39-4F6E-85F7-7634BFD6847D} = {0182DE4D-446F-489C-85C2-C9F7717453B1}
		{3234D7AE-90FB-454E-BE06-A6163395682F} = {0182DE4D-446F-489C-85C2-C9F7717453B1}
		{65B09EB8-A6D8-4D34-9342-A30F8F4B03BF} = {6B52CFFA-792F-4C72-A2C6-535F53731D89}
		{BCD08406-CA17-4E9C-A876-D51006744F57} = {65B09EB8-A6D8-4D34-9342-A30F8F4B03BF}
		{205CBED9-7D4C-42B7-9225-A8B8766C99BD} = {65B09EB8-A6D8-4D34-9342-A30F8F4B03BF}
	EndGlobalSection
EndGlobal
