
Microsoft Visual Studio Solution File, Format Version 12.00
# Visual Studio Version 16
VisualStudioVersion = 16.0.30114.105
MinimumVisualStudioVersion = 10.0.40219.1
Project("{2150E333-8FDC-42A3-9474-1A3956D46DE8}") = "src", "src", "{6B52CFFA-792F-4C72-A2C6-535F53731D89}"
EndProject
Project("{2150E333-8FDC-42A3-9474-1A3956D46DE8}") = "Conference", "Conference", "{37B94BC1-75A8-4415-8BDF-304A0B0A2726}"
EndProject
Project("{FAE04EC0-301F-11D3-BF4B-00C04F79EFBC}") = "LasMarias.Conference.Domain", "src\Conference\Domain\LasMarias.Conference.Domain.csproj", "{15313878-74F3-4D8F-8B76-6AC8D65E9B0C}"
EndProject
Project("{2150E333-8FDC-42A3-9474-1A3956D46DE8}") = "Hotel", "Hotel", "{A32368F8-504E-410E-BE2F-078607A3FC2D}"
EndProject
Project("{FAE04EC0-301F-11D3-BF4B-00C04F79EFBC}") = "LasMarias.Hotel.Domain", "src\Hotel\Domain\LasMarias.Hotel.Domain.csproj", "{F04170DB-865C-40EE-B475-8630602BFB87}"
EndProject
Project("{2150E333-8FDC-42A3-9474-1A3956D46DE8}") = "PoS", "PoS", "{AC2C6D1A-91DD-454D-8E08-F5CABFB1D51D}"
EndProject
Project("{FAE04EC0-301F-11D3-BF4B-00C04F79EFBC}") = "LasMarias.PoS.Domain", "src\PoS\Domain\LasMarias.PoS.Domain.csproj", "{A7E941F2-85FE-4823-8771-1A0C18DE92DD}"
EndProject
Project("{2150E333-8FDC-42A3-9474-1A3956D46DE8}") = "Pools", "Pools", "{3E637D49-FC4A-45E5-AE6D-2F3D0F424341}"
EndProject
Project("{FAE04EC0-301F-11D3-BF4B-00C04F79EFBC}") = "LasMarias.Pools.Domain", "src\Pools\Domain\LasMarias.Pools.Domain.csproj", "{AB2A3B48-5FFC-47C6-9E39-F5D959DDED98}"
EndProject
Project("{2150E333-8FDC-42A3-9474-1A3956D46DE8}") = "Restaurant", "Restaurant", "{B6EBD7B5-55F8-400B-BDC6-FFD3CC455FA2}"
EndProject
Project("{FAE04EC0-301F-11D3-BF4B-00C04F79EFBC}") = "LasMarias.Restaurant.Domain", "src\Restaurant\Domain\LasMarias.Restaurant.Domain.csproj", "{0AC01268-3E02-4342-B760-7089C2E4D86A}"
EndProject
Project("{FAE04EC0-301F-11D3-BF4B-00C04F79EFBC}") = "LasMarias.Conference.Shared", "src\Conference\Shared\LasMarias.Conference.Shared.csproj", "{048A21B3-DDA5-4CB8-9C5C-FB5652EA530D}"
EndProject
Project("{FAE04EC0-301F-11D3-BF4B-00C04F79EFBC}") = "LasMarias.Hotel.Shared", "src\Hotel\Shared\LasMarias.Hotel.Shared.csproj", "{552EFC94-073B-424B-9FB5-CCC8D0161F0B}"
EndProject
Project("{FAE04EC0-301F-11D3-BF4B-00C04F79EFBC}") = "LasMarias.PoS.Shared", "src\PoS\Shared\LasMarias.PoS.Shared.csproj", "{4B8CD355-899C-4F14-A60D-2F54CFA7E633}"
EndProject
Project("{FAE04EC0-301F-11D3-BF4B-00C04F79EFBC}") = "LasMarias.Pools.Shared", "src\Pools\Shared\LasMarias.Pools.Shared.csproj", "{006F3B91-5F9B-4A19-9E88-7856FE812F51}"
EndProject
Project("{FAE04EC0-301F-11D3-BF4B-00C04F79EFBC}") = "LasMarias.Restaurant.Shared", "src\Restaurant\Shared\LasMarias.Restaurant.Shared.csproj", "{9FCB2D81-6060-4FFC-9645-8DA7F2101098}"
EndProject
Project("{2150E333-8FDC-42A3-9474-1A3956D46DE8}") = "BuildingBlocks", "BuildingBlocks", "{0182DE4D-446F-489C-85C2-C9F7717453B1}"
EndProject
Project("{FAE04EC0-301F-11D3-BF4B-00C04F79EFBC}") = "Core", "src\BuildingBlocks\src\Core\Core.csproj", "{5584BA6F-ED39-4F6E-85F7-7634BFD6847D}"
EndProject
Project("{FAE04EC0-301F-11D3-BF4B-00C04F79EFBC}") = "Domain", "src\BuildingBlocks\src\Domain\Domain.csproj", "{3234D7AE-90FB-454E-BE06-A6163395682F}"
EndProject
Project("{FAE04EC0-301F-11D3-BF4B-00C04F79EFBC}") = "LasMarias.Web", "src\Web\LasMarias.Web.csproj", "{3A53612E-8DB9-40D0-A788-472023A4EAC2}"
EndProject
Project("{2150E333-8FDC-42A3-9474-1A3956D46DE8}") = "Identity", "Identity", "{7616A8D1-C346-4B6A-A40F-8F4C034E594F}"
EndProject
Project("{FAE04EC0-301F-11D3-BF4B-00C04F79EFBC}") = "LasMarias.Identity", "src\Identity\API\LasMarias.Identity.csproj", "{F5BFA4F1-582A-4991-B2EE-31A0955318CB}"
EndProject
Project("{FAE04EC0-301F-11D3-BF4B-00C04F79EFBC}") = "LasMarias.Identity.Domain", "src\Identity\Domain\LasMarias.Identity.Domain.csproj", "{B3ABD8F6-F662-4CE9-9E79-63FAB61DFFBD}"
EndProject
Project("{FAE04EC0-301F-11D3-BF4B-00C04F79EFBC}") = "LasMarias.Identity.Shared", "src\Identity\Shared\LasMarias.Identity.Shared.csproj", "{3B13E91C-107D-4D52-82CE-C0AEF940B484}"
EndProject
Project("{FAE04EC0-301F-11D3-BF4B-00C04F79EFBC}") = "LasMarias.PoS", "src\PoS\API\LasMarias.PoS.csproj", "{2608D7FF-44A4-4BE7-AFA4-41BB5091836D}"
EndProject
Project("{2150E333-8FDC-42A3-9474-1A3956D46DE8}") = "WareHouse", "WareHouse", "{88C1FEF3-0574-471F-AEE2-F24DA37B274F}"
EndProject
Project("{FAE04EC0-301F-11D3-BF4B-00C04F79EFBC}") = "LasMarias.WareHouse", "src\WareHouse\API\LasMarias.WareHouse.csproj", "{B4E915A5-C936-4647-86B4-42B2617D5732}"
EndProject
Project("{FAE04EC0-301F-11D3-BF4B-00C04F79EFBC}") = "LasMarias.WareHouse.Domain", "src\WareHouse\Domain\LasMarias.WareHouse.Domain.csproj", "{B4DE48D5-883B-4B98-9DE1-53EE84A0E50D}"
EndProject
Project("{FAE04EC0-301F-11D3-BF4B-00C04F79EFBC}") = "LasMarias.Conference.Tests", "src\Conference\Tests\LasMarias.Conference.Tests.csproj", "{03469D3F-72AB-4D05-9872-61D7E48D6D4A}"
EndProject
Project("{FAE04EC0-301F-11D3-BF4B-00C04F79EFBC}") = "LasMarias.WareHouse.Tests", "src\WareHouse\Tests\LasMarias.WareHouse.Tests.csproj", "{53F38107-911D-428E-A9BF-294D56B6A7CC}"
EndProject
Project("{FAE04EC0-301F-11D3-BF4B-00C04F79EFBC}") = "LasMarias.Identity.Tests", "src\Identity\Tests\LasMarias.Identity.Tests.csproj", "{451D7A73-93B0-4E03-830E-61B266219B36}"
EndProject
Project("{FAE04EC0-301F-11D3-BF4B-00C04F79EFBC}") = "LasMarias.Hotel.Tests", "src\Hotel\Tests\LasMarias.Hotel.Tests.csproj", "{3A919662-6CAD-4399-A5AA-A531ED6282EF}"
EndProject
Project("{FAE04EC0-301F-11D3-BF4B-00C04F79EFBC}") = "LasMarias.Pools.Tests", "src\Pools\Tests\LasMarias.Pools.Tests.csproj", "{C247B377-0879-41E6-A085-EF52D2972782}"
EndProject
Project("{FAE04EC0-301F-11D3-BF4B-00C04F79EFBC}") = "LasMarias.PoS.Tests", "src\PoS\Tests\LasMarias.PoS.Tests.csproj", "{BA068D00-4075-4AED-BD39-9838253BEA66}"
EndProject
Project("{FAE04EC0-301F-11D3-BF4B-00C04F79EFBC}") = "LasMarias.Restaurant.Tests", "src\Restaurant\Tests\LasMarias.Restaurant.Tests.csproj", "{097CCC4C-8D8A-4665-A65B-D8E6F270366B}"
EndProject
Project("{FAE04EC0-301F-11D3-BF4B-00C04F79EFBC}") = "LasMarias.Common", "src\Common\LasMarias.Common.csproj", "{73F555EA-5DA0-4C04-945C-899C5F6B0BA6}"
EndProject
Project("{2150E333-8FDC-42A3-9474-1A3956D46DE8}") = "BusinessLogic", "BusinessLogic", "{5160E4CB-A678-4939-8DA9-6667411C1205}"
EndProject
Project("{FAE04EC0-301F-11D3-BF4B-00C04F79EFBC}") = "LasMarias.WareHouse.BusinessLogic.Administration", "src\WareHouse\BusinessLogic\Administration\LasMarias.WareHouse.BusinessLogic.Administration.csproj", "{D7E96501-8BD8-4D92-9BFC-FEB15D7DB2CA}"
EndProject
Project("{FAE04EC0-301F-11D3-BF4B-00C04F79EFBC}") = "LasMarias.WareHouse.Shared", "src\WareHouse\Shared\LasMarias.WareHouse.Shared.csproj", "{D302282F-60C9-4D8B-8EEB-A4BAE3DE401F}"
EndProject
Global
	GlobalSection(SolutionConfigurationPlatforms) = preSolution
		Debug|Any CPU = Debug|Any CPU
		Release|Any CPU = Release|Any CPU
	EndGlobalSection
	GlobalSection(SolutionProperties) = preSolution
		HideSolutionNode = FALSE
	EndGlobalSection
	GlobalSection(ProjectConfigurationPlatforms) = postSolution
		{15313878-74F3-4D8F-8B76-6AC8D65E9B0C}.Debug|Any CPU.ActiveCfg = Debug|Any CPU
		{15313878-74F3-4D8F-8B76-6AC8D65E9B0C}.Debug|Any CPU.Build.0 = Debug|Any CPU
		{15313878-74F3-4D8F-8B76-6AC8D65E9B0C}.Release|Any CPU.ActiveCfg = Release|Any CPU
		{15313878-74F3-4D8F-8B76-6AC8D65E9B0C}.Release|Any CPU.Build.0 = Release|Any CPU
		{F04170DB-865C-40EE-B475-8630602BFB87}.Debug|Any CPU.ActiveCfg = Debug|Any CPU
		{F04170DB-865C-40EE-B475-8630602BFB87}.Debug|Any CPU.Build.0 = Debug|Any CPU
		{F04170DB-865C-40EE-B475-8630602BFB87}.Release|Any CPU.ActiveCfg = Release|Any CPU
		{F04170DB-865C-40EE-B475-8630602BFB87}.Release|Any CPU.Build.0 = Release|Any CPU
		{A7E941F2-85FE-4823-8771-1A0C18DE92DD}.Debug|Any CPU.ActiveCfg = Debug|Any CPU
		{A7E941F2-85FE-4823-8771-1A0C18DE92DD}.Debug|Any CPU.Build.0 = Debug|Any CPU
		{A7E941F2-85FE-4823-8771-1A0C18DE92DD}.Release|Any CPU.ActiveCfg = Release|Any CPU
		{A7E941F2-85FE-4823-8771-1A0C18DE92DD}.Release|Any CPU.Build.0 = Release|Any CPU
		{AB2A3B48-5FFC-47C6-9E39-F5D959DDED98}.Debug|Any CPU.ActiveCfg = Debug|Any CPU
		{AB2A3B48-5FFC-47C6-9E39-F5D959DDED98}.Debug|Any CPU.Build.0 = Debug|Any CPU
		{AB2A3B48-5FFC-47C6-9E39-F5D959DDED98}.Release|Any CPU.ActiveCfg = Release|Any CPU
		{AB2A3B48-5FFC-47C6-9E39-F5D959DDED98}.Release|Any CPU.Build.0 = Release|Any CPU
		{0AC01268-3E02-4342-B760-7089C2E4D86A}.Debug|Any CPU.ActiveCfg = Debug|Any CPU
		{0AC01268-3E02-4342-B760-7089C2E4D86A}.Debug|Any CPU.Build.0 = Debug|Any CPU
		{0AC01268-3E02-4342-B760-7089C2E4D86A}.Release|Any CPU.ActiveCfg = Release|Any CPU
		{0AC01268-3E02-4342-B760-7089C2E4D86A}.Release|Any CPU.Build.0 = Release|Any CPU
		{048A21B3-DDA5-4CB8-9C5C-FB5652EA530D}.Debug|Any CPU.ActiveCfg = Debug|Any CPU
		{048A21B3-DDA5-4CB8-9C5C-FB5652EA530D}.Debug|Any CPU.Build.0 = Debug|Any CPU
		{048A21B3-DDA5-4CB8-9C5C-FB5652EA530D}.Release|Any CPU.ActiveCfg = Release|Any CPU
		{048A21B3-DDA5-4CB8-9C5C-FB5652EA530D}.Release|Any CPU.Build.0 = Release|Any CPU
		{552EFC94-073B-424B-9FB5-CCC8D0161F0B}.Debug|Any CPU.ActiveCfg = Debug|Any CPU
		{552EFC94-073B-424B-9FB5-CCC8D0161F0B}.Debug|Any CPU.Build.0 = Debug|Any CPU
		{552EFC94-073B-424B-9FB5-CCC8D0161F0B}.Release|Any CPU.ActiveCfg = Release|Any CPU
		{552EFC94-073B-424B-9FB5-CCC8D0161F0B}.Release|Any CPU.Build.0 = Release|Any CPU
		{4B8CD355-899C-4F14-A60D-2F54CFA7E633}.Debug|Any CPU.ActiveCfg = Debug|Any CPU
		{4B8CD355-899C-4F14-A60D-2F54CFA7E633}.Debug|Any CPU.Build.0 = Debug|Any CPU
		{4B8CD355-899C-4F14-A60D-2F54CFA7E633}.Release|Any CPU.ActiveCfg = Release|Any CPU
		{4B8CD355-899C-4F14-A60D-2F54CFA7E633}.Release|Any CPU.Build.0 = Release|Any CPU
		{006F3B91-5F9B-4A19-9E88-7856FE812F51}.Debug|Any CPU.ActiveCfg = Debug|Any CPU
		{006F3B91-5F9B-4A19-9E88-7856FE812F51}.Debug|Any CPU.Build.0 = Debug|Any CPU
		{006F3B91-5F9B-4A19-9E88-7856FE812F51}.Release|Any CPU.ActiveCfg = Release|Any CPU
		{006F3B91-5F9B-4A19-9E88-7856FE812F51}.Release|Any CPU.Build.0 = Release|Any CPU
		{9FCB2D81-6060-4FFC-9645-8DA7F2101098}.Debug|Any CPU.ActiveCfg = Debug|Any CPU
		{9FCB2D81-6060-4FFC-9645-8DA7F2101098}.Debug|Any CPU.Build.0 = Debug|Any CPU
		{9FCB2D81-6060-4FFC-9645-8DA7F2101098}.Release|Any CPU.ActiveCfg = Release|Any CPU
		{9FCB2D81-6060-4FFC-9645-8DA7F2101098}.Release|Any CPU.Build.0 = Release|Any CPU
		{5584BA6F-ED39-4F6E-85F7-7634BFD6847D}.Debug|Any CPU.ActiveCfg = Debug|Any CPU
		{5584BA6F-ED39-4F6E-85F7-7634BFD6847D}.Debug|Any CPU.Build.0 = Debug|Any CPU
		{5584BA6F-ED39-4F6E-85F7-7634BFD6847D}.Release|Any CPU.ActiveCfg = Release|Any CPU
		{5584BA6F-ED39-4F6E-85F7-7634BFD6847D}.Release|Any CPU.Build.0 = Release|Any CPU
		{3234D7AE-90FB-454E-BE06-A6163395682F}.Debug|Any CPU.ActiveCfg = Debug|Any CPU
		{3234D7AE-90FB-454E-BE06-A6163395682F}.Debug|Any CPU.Build.0 = Debug|Any CPU
		{3234D7AE-90FB-454E-BE06-A6163395682F}.Release|Any CPU.ActiveCfg = Release|Any CPU
		{3234D7AE-90FB-454E-BE06-A6163395682F}.Release|Any CPU.Build.0 = Release|Any CPU
		{3A53612E-8DB9-40D0-A788-472023A4EAC2}.Debug|Any CPU.ActiveCfg = Debug|Any CPU
		{3A53612E-8DB9-40D0-A788-472023A4EAC2}.Debug|Any CPU.Build.0 = Debug|Any CPU
		{3A53612E-8DB9-40D0-A788-472023A4EAC2}.Release|Any CPU.ActiveCfg = Release|Any CPU
		{3A53612E-8DB9-40D0-A788-472023A4EAC2}.Release|Any CPU.Build.0 = Release|Any CPU
		{F5BFA4F1-582A-4991-B2EE-31A0955318CB}.Debug|Any CPU.ActiveCfg = Debug|Any CPU
		{F5BFA4F1-582A-4991-B2EE-31A0955318CB}.Debug|Any CPU.Build.0 = Debug|Any CPU
		{F5BFA4F1-582A-4991-B2EE-31A0955318CB}.Release|Any CPU.ActiveCfg = Release|Any CPU
		{F5BFA4F1-582A-4991-B2EE-31A0955318CB}.Release|Any CPU.Build.0 = Release|Any CPU
		{B3ABD8F6-F662-4CE9-9E79-63FAB61DFFBD}.Debug|Any CPU.ActiveCfg = Debug|Any CPU
		{B3ABD8F6-F662-4CE9-9E79-63FAB61DFFBD}.Debug|Any CPU.Build.0 = Debug|Any CPU
		{B3ABD8F6-F662-4CE9-9E79-63FAB61DFFBD}.Release|Any CPU.ActiveCfg = Release|Any CPU
		{B3ABD8F6-F662-4CE9-9E79-63FAB61DFFBD}.Release|Any CPU.Build.0 = Release|Any CPU
		{3B13E91C-107D-4D52-82CE-C0AEF940B484}.Debug|Any CPU.ActiveCfg = Debug|Any CPU
		{3B13E91C-107D-4D52-82CE-C0AEF940B484}.Debug|Any CPU.Build.0 = Debug|Any CPU
		{3B13E91C-107D-4D52-82CE-C0AEF940B484}.Release|Any CPU.ActiveCfg = Release|Any CPU
		{3B13E91C-107D-4D52-82CE-C0AEF940B484}.Release|Any CPU.Build.0 = Release|Any CPU
		{2608D7FF-44A4-4BE7-AFA4-41BB5091836D}.Debug|Any CPU.ActiveCfg = Debug|Any CPU
		{2608D7FF-44A4-4BE7-AFA4-41BB5091836D}.Debug|Any CPU.Build.0 = Debug|Any CPU
		{2608D7FF-44A4-4BE7-AFA4-41BB5091836D}.Release|Any CPU.ActiveCfg = Release|Any CPU
		{2608D7FF-44A4-4BE7-AFA4-41BB5091836D}.Release|Any CPU.Build.0 = Release|Any CPU
		{B4E915A5-C936-4647-86B4-42B2617D5732}.Debug|Any CPU.ActiveCfg = Debug|Any CPU
		{B4E915A5-C936-4647-86B4-42B2617D5732}.Debug|Any CPU.Build.0 = Debug|Any CPU
		{B4E915A5-C936-4647-86B4-42B2617D5732}.Release|Any CPU.ActiveCfg = Release|Any CPU
		{B4E915A5-C936-4647-86B4-42B2617D5732}.Release|Any CPU.Build.0 = Release|Any CPU
		{B4DE48D5-883B-4B98-9DE1-53EE84A0E50D}.Debug|Any CPU.ActiveCfg = Debug|Any CPU
		{B4DE48D5-883B-4B98-9DE1-53EE84A0E50D}.Debug|Any CPU.Build.0 = Debug|Any CPU
		{B4DE48D5-883B-4B98-9DE1-53EE84A0E50D}.Release|Any CPU.ActiveCfg = Release|Any CPU
		{B4DE48D5-883B-4B98-9DE1-53EE84A0E50D}.Release|Any CPU.Build.0 = Release|Any CPU
		{03469D3F-72AB-4D05-9872-61D7E48D6D4A}.Debug|Any CPU.ActiveCfg = Debug|Any CPU
		{03469D3F-72AB-4D05-9872-61D7E48D6D4A}.Debug|Any CPU.Build.0 = Debug|Any CPU
		{03469D3F-72AB-4D05-9872-61D7E48D6D4A}.Release|Any CPU.ActiveCfg = Release|Any CPU
		{03469D3F-72AB-4D05-9872-61D7E48D6D4A}.Release|Any CPU.Build.0 = Release|Any CPU
		{53F38107-911D-428E-A9BF-294D56B6A7CC}.Debug|Any CPU.ActiveCfg = Debug|Any CPU
		{53F38107-911D-428E-A9BF-294D56B6A7CC}.Debug|Any CPU.Build.0 = Debug|Any CPU
		{53F38107-911D-428E-A9BF-294D56B6A7CC}.Release|Any CPU.ActiveCfg = Release|Any CPU
		{53F38107-911D-428E-A9BF-294D56B6A7CC}.Release|Any CPU.Build.0 = Release|Any CPU
		{451D7A73-93B0-4E03-830E-61B266219B36}.Debug|Any CPU.ActiveCfg = Debug|Any CPU
		{451D7A73-93B0-4E03-830E-61B266219B36}.Debug|Any CPU.Build.0 = Debug|Any CPU
		{451D7A73-93B0-4E03-830E-61B266219B36}.Release|Any CPU.ActiveCfg = Release|Any CPU
		{451D7A73-93B0-4E03-830E-61B266219B36}.Release|Any CPU.Build.0 = Release|Any CPU
		{3A919662-6CAD-4399-A5AA-A531ED6282EF}.Debug|Any CPU.ActiveCfg = Debug|Any CPU
		{3A919662-6CAD-4399-A5AA-A531ED6282EF}.Debug|Any CPU.Build.0 = Debug|Any CPU
		{3A919662-6CAD-4399-A5AA-A531ED6282EF}.Release|Any CPU.ActiveCfg = Release|Any CPU
		{3A919662-6CAD-4399-A5AA-A531ED6282EF}.Release|Any CPU.Build.0 = Release|Any CPU
		{C247B377-0879-41E6-A085-EF52D2972782}.Debug|Any CPU.ActiveCfg = Debug|Any CPU
		{C247B377-0879-41E6-A085-EF52D2972782}.Debug|Any CPU.Build.0 = Debug|Any CPU
		{C247B377-0879-41E6-A085-EF52D2972782}.Release|Any CPU.ActiveCfg = Release|Any CPU
		{C247B377-0879-41E6-A085-EF52D2972782}.Release|Any CPU.Build.0 = Release|Any CPU
		{BA068D00-4075-4AED-BD39-9838253BEA66}.Debug|Any CPU.ActiveCfg = Debug|Any CPU
		{BA068D00-4075-4AED-BD39-9838253BEA66}.Debug|Any CPU.Build.0 = Debug|Any CPU
		{BA068D00-4075-4AED-BD39-9838253BEA66}.Release|Any CPU.ActiveCfg = Release|Any CPU
		{BA068D00-4075-4AED-BD39-9838253BEA66}.Release|Any CPU.Build.0 = Release|Any CPU
		{097CCC4C-8D8A-4665-A65B-D8E6F270366B}.Debug|Any CPU.ActiveCfg = Debug|Any CPU
		{097CCC4C-8D8A-4665-A65B-D8E6F270366B}.Debug|Any CPU.Build.0 = Debug|Any CPU
		{097CCC4C-8D8A-4665-A65B-D8E6F270366B}.Release|Any CPU.ActiveCfg = Release|Any CPU
		{097CCC4C-8D8A-4665-A65B-D8E6F270366B}.Release|Any CPU.Build.0 = Release|Any CPU
		{73F555EA-5DA0-4C04-945C-899C5F6B0BA6}.Debug|Any CPU.ActiveCfg = Debug|Any CPU
		{73F555EA-5DA0-4C04-945C-899C5F6B0BA6}.Debug|Any CPU.Build.0 = Debug|Any CPU
		{73F555EA-5DA0-4C04-945C-899C5F6B0BA6}.Release|Any CPU.ActiveCfg = Release|Any CPU
		{73F555EA-5DA0-4C04-945C-899C5F6B0BA6}.Release|Any CPU.Build.0 = Release|Any CPU
		{D7E96501-8BD8-4D92-9BFC-FEB15D7DB2CA}.Debug|Any CPU.ActiveCfg = Debug|Any CPU
		{D7E96501-8BD8-4D92-9BFC-FEB15D7DB2CA}.Debug|Any CPU.Build.0 = Debug|Any CPU
		{D7E96501-8BD8-4D92-9BFC-FEB15D7DB2CA}.Release|Any CPU.ActiveCfg = Release|Any CPU
		{D7E96501-8BD8-4D92-9BFC-FEB15D7DB2CA}.Release|Any CPU.Build.0 = Release|Any CPU
		{D302282F-60C9-4D8B-8EEB-A4BAE3DE401F}.Debug|Any CPU.ActiveCfg = Debug|Any CPU
		{D302282F-60C9-4D8B-8EEB-A4BAE3DE401F}.Debug|Any CPU.Build.0 = Debug|Any CPU
		{D302282F-60C9-4D8B-8EEB-A4BAE3DE401F}.Release|Any CPU.ActiveCfg = Release|Any CPU
		{D302282F-60C9-4D8B-8EEB-A4BAE3DE401F}.Release|Any CPU.Build.0 = Release|Any CPU
	EndGlobalSection
	GlobalSection(NestedProjects) = preSolution
		{37B94BC1-75A8-4415-8BDF-304A0B0A2726} = {6B52CFFA-792F-4C72-A2C6-535F53731D89}
		{15313878-74F3-4D8F-8B76-6AC8D65E9B0C} = {37B94BC1-75A8-4415-8BDF-304A0B0A2726}
		{A32368F8-504E-410E-BE2F-078607A3FC2D} = {6B52CFFA-792F-4C72-A2C6-535F53731D89}
		{F04170DB-865C-40EE-B475-8630602BFB87} = {A32368F8-504E-410E-BE2F-078607A3FC2D}
		{AC2C6D1A-91DD-454D-8E08-F5CABFB1D51D} = {6B52CFFA-792F-4C72-A2C6-535F53731D89}
		{A7E941F2-85FE-4823-8771-1A0C18DE92DD} = {AC2C6D1A-91DD-454D-8E08-F5CABFB1D51D}
		{3E637D49-FC4A-45E5-AE6D-2F3D0F424341} = {6B52CFFA-792F-4C72-A2C6-535F53731D89}
		{AB2A3B48-5FFC-47C6-9E39-F5D959DDED98} = {3E637D49-FC4A-45E5-AE6D-2F3D0F424341}
		{B6EBD7B5-55F8-400B-BDC6-FFD3CC455FA2} = {6B52CFFA-792F-4C72-A2C6-535F53731D89}
		{0AC01268-3E02-4342-B760-7089C2E4D86A} = {B6EBD7B5-55F8-400B-BDC6-FFD3CC455FA2}
		{048A21B3-DDA5-4CB8-9C5C-FB5652EA530D} = {37B94BC1-75A8-4415-8BDF-304A0B0A2726}
		{552EFC94-073B-424B-9FB5-CCC8D0161F0B} = {A32368F8-504E-410E-BE2F-078607A3FC2D}
		{4B8CD355-899C-4F14-A60D-2F54CFA7E633} = {AC2C6D1A-91DD-454D-8E08-F5CABFB1D51D}
		{006F3B91-5F9B-4A19-9E88-7856FE812F51} = {3E637D49-FC4A-45E5-AE6D-2F3D0F424341}
		{9FCB2D81-6060-4FFC-9645-8DA7F2101098} = {B6EBD7B5-55F8-400B-BDC6-FFD3CC455FA2}
		{0182DE4D-446F-489C-85C2-C9F7717453B1} = {6B52CFFA-792F-4C72-A2C6-535F53731D89}
		{5584BA6F-ED39-4F6E-85F7-7634BFD6847D} = {0182DE4D-446F-489C-85C2-C9F7717453B1}
		{3234D7AE-90FB-454E-BE06-A6163395682F} = {0182DE4D-446F-489C-85C2-C9F7717453B1}
		{3A53612E-8DB9-40D0-A788-472023A4EAC2} = {6B52CFFA-792F-4C72-A2C6-535F53731D89}
		{7616A8D1-C346-4B6A-A40F-8F4C034E594F} = {6B52CFFA-792F-4C72-A2C6-535F53731D89}
		{F5BFA4F1-582A-4991-B2EE-31A0955318CB} = {7616A8D1-C346-4B6A-A40F-8F4C034E594F}
		{B3ABD8F6-F662-4CE9-9E79-63FAB61DFFBD} = {7616A8D1-C346-4B6A-A40F-8F4C034E594F}
		{3B13E91C-107D-4D52-82CE-C0AEF940B484} = {7616A8D1-C346-4B6A-A40F-8F4C034E594F}
		{2608D7FF-44A4-4BE7-AFA4-41BB5091836D} = {AC2C6D1A-91DD-454D-8E08-F5CABFB1D51D}
		{88C1FEF3-0574-471F-AEE2-F24DA37B274F} = {6B52CFFA-792F-4C72-A2C6-535F53731D89}
		{B4E915A5-C936-4647-86B4-42B2617D5732} = {88C1FEF3-0574-471F-AEE2-F24DA37B274F}
		{B4DE48D5-883B-4B98-9DE1-53EE84A0E50D} = {88C1FEF3-0574-471F-AEE2-F24DA37B274F}
		{03469D3F-72AB-4D05-9872-61D7E48D6D4A} = {37B94BC1-75A8-4415-8BDF-304A0B0A2726}
		{53F38107-911D-428E-A9BF-294D56B6A7CC} = {88C1FEF3-0574-471F-AEE2-F24DA37B274F}
		{451D7A73-93B0-4E03-830E-61B266219B36} = {7616A8D1-C346-4B6A-A40F-8F4C034E594F}
		{3A919662-6CAD-4399-A5AA-A531ED6282EF} = {A32368F8-504E-410E-BE2F-078607A3FC2D}
		{C247B377-0879-41E6-A085-EF52D2972782} = {3E637D49-FC4A-45E5-AE6D-2F3D0F424341}
		{BA068D00-4075-4AED-BD39-9838253BEA66} = {AC2C6D1A-91DD-454D-8E08-F5CABFB1D51D}
		{097CCC4C-8D8A-4665-A65B-D8E6F270366B} = {B6EBD7B5-55F8-400B-BDC6-FFD3CC455FA2}
		{73F555EA-5DA0-4C04-945C-899C5F6B0BA6} = {6B52CFFA-792F-4C72-A2C6-535F53731D89}
		{5160E4CB-A678-4939-8DA9-6667411C1205} = {88C1FEF3-0574-471F-AEE2-F24DA37B274F}
		{D7E96501-8BD8-4D92-9BFC-FEB15D7DB2CA} = {5160E4CB-A678-4939-8DA9-6667411C1205}
		{D302282F-60C9-4D8B-8EEB-A4BAE3DE401F} = {88C1FEF3-0574-471F-AEE2-F24DA37B274F}
	EndGlobalSection
EndGlobal
